
Microsoft Visual Studio Solution File, Format Version 12.00
# Visual Studio 15
Project("{FAE04EC0-301F-11D3-BF4B-00C04F79EFBC}") = "Assembly-CSharp", "Assembly-CSharp.csproj", "{F8DCD33D-5189-039E-F24A-1B26EF5ECD23}"
EndProject
Project("{FAE04EC0-301F-11D3-BF4B-00C04F79EFBC}") = "Assembly-CSharp-firstpass", "Assembly-CSharp-firstpass.csproj", "{2E9FBA8F-CCB4-6BD3-9265-BB671922DA19}"
EndProject
Project("{FAE04EC0-301F-11D3-BF4B-00C04F79EFBC}") = "Assembly-CSharp-Editor", "Assembly-CSharp-Editor.csproj", "{FE79370C-07D0-B6A1-F020-79B428052AAF}"
EndProject
Global
	GlobalSection(SolutionConfigurationPlatforms) = preSolution
		Debug|Any CPU = Debug|Any CPU
		Release|Any CPU = Release|Any CPU
	EndGlobalSection
	GlobalSection(ProjectConfigurationPlatforms) = postSolution
		{F8DCD33D-5189-039E-F24A-1B26EF5ECD23}.Debug|Any CPU.ActiveCfg = Debug|Any CPU
		{F8DCD33D-5189-039E-F24A-1B26EF5ECD23}.Debug|Any CPU.Build.0 = Debug|Any CPU
		{F8DCD33D-5189-039E-F24A-1B26EF5ECD23}.Release|Any CPU.ActiveCfg = Release|Any CPU
		{F8DCD33D-5189-039E-F24A-1B26EF5ECD23}.Release|Any CPU.Build.0 = Release|Any CPU
		{2E9FBA8F-CCB4-6BD3-9265-BB671922DA19}.Debug|Any CPU.ActiveCfg = Debug|Any CPU
		{2E9FBA8F-CCB4-6BD3-9265-BB671922DA19}.Debug|Any CPU.Build.0 = Debug|Any CPU
		{2E9FBA8F-CCB4-6BD3-9265-BB671922DA19}.Release|Any CPU.ActiveCfg = Release|Any CPU
		{2E9FBA8F-CCB4-6BD3-9265-BB671922DA19}.Release|Any CPU.Build.0 = Release|Any CPU
		{FE79370C-07D0-B6A1-F020-79B428052AAF}.Debug|Any CPU.ActiveCfg = Debug|Any CPU
		{FE79370C-07D0-B6A1-F020-79B428052AAF}.Debug|Any CPU.Build.0 = Debug|Any CPU
		{FE79370C-07D0-B6A1-F020-79B428052AAF}.Release|Any CPU.ActiveCfg = Release|Any CPU
		{FE79370C-07D0-B6A1-F020-79B428052AAF}.Release|Any CPU.Build.0 = Release|Any CPU
	EndGlobalSection
	GlobalSection(SolutionProperties) = preSolution
		HideSolutionNode = FALSE
	EndGlobalSection
EndGlobal
